
Microsoft Visual Studio Solution File, Format Version 12.00
# Visual Studio Version 17
VisualStudioVersion = 17.3.32901.215
MinimumVisualStudioVersion = 10.0.40219.1
Project("{FAE04EC0-301F-11D3-BF4B-00C04F79EFBC}") = "RunGroopTutorial", "RunGroopTutorial\RunGroopTutorial.csproj", "{D9E69265-70AA-4D53-9C6F-9DF890312365}"
EndProject
Global
	GlobalSection(SolutionConfigurationPlatforms) = preSolution
		Debug|Any CPU = Debug|Any CPU
		Release|Any CPU = Release|Any CPU
	EndGlobalSection
	GlobalSection(ProjectConfigurationPlatforms) = postSolution
		{D9E69265-70AA-4D53-9C6F-9DF890312365}.Debug|Any CPU.ActiveCfg = Debug|Any CPU
		{D9E69265-70AA-4D53-9C6F-9DF890312365}.Debug|Any CPU.Build.0 = Debug|Any CPU
		{D9E69265-70AA-4D53-9C6F-9DF890312365}.Release|Any CPU.ActiveCfg = Release|Any CPU
		{D9E69265-70AA-4D53-9C6F-9DF890312365}.Release|Any CPU.Build.0 = Release|Any CPU
	EndGlobalSection
	GlobalSection(SolutionProperties) = preSolution
		HideSolutionNode = FALSE
	EndGlobalSection
	GlobalSection(ExtensibilityGlobals) = postSolution
		SolutionGuid = {FC26F924-8C5F-487F-BE71-37A3EC56F467}
	EndGlobalSection
EndGlobal
